
Microsoft Visual Studio Solution File, Format Version 12.00
# Visual Studio 15
VisualStudioVersion = 15.0.28010.2026
MinimumVisualStudioVersion = 10.0.40219.1
Project("{FAE04EC0-301F-11D3-BF4B-00C04F79EFBC}") = "TestServer", "TestServer\TestServer.csproj", "{B07817C6-9423-48DF-8752-FD098BB87F02}"
EndProject
Global
	GlobalSection(SolutionConfigurationPlatforms) = preSolution
		Debug|Any CPU = Debug|Any CPU
		Release|Any CPU = Release|Any CPU
	EndGlobalSection
	GlobalSection(ProjectConfigurationPlatforms) = postSolution
		{B07817C6-9423-48DF-8752-FD098BB87F02}.Debug|Any CPU.ActiveCfg = Debug|Any CPU
		{B07817C6-9423-48DF-8752-FD098BB87F02}.Debug|Any CPU.Build.0 = Debug|Any CPU
		{B07817C6-9423-48DF-8752-FD098BB87F02}.Release|Any CPU.ActiveCfg = Release|Any CPU
		{B07817C6-9423-48DF-8752-FD098BB87F02}.Release|Any CPU.Build.0 = Release|Any CPU
	EndGlobalSection
	GlobalSection(SolutionProperties) = preSolution
		HideSolutionNode = FALSE
	EndGlobalSection
	GlobalSection(ExtensibilityGlobals) = postSolution
		SolutionGuid = {A97AE32F-13BF-43A3-872F-C1B0E2A0451D}
	EndGlobalSection
EndGlobal
